
Microsoft Visual Studio Solution File, Format Version 12.00
Project("{FAE04EC0-301F-11D3-BF4B-00C04F79EFBC}") = "Financity.Domain", "Financity.Domain\Financity.Domain.csproj", "{977E9EF9-C067-4E77-B8A9-FDC5E0B85DCE}"
EndProject
Project("{FAE04EC0-301F-11D3-BF4B-00C04F79EFBC}") = "Financity.Application", "Financity.Application\Financity.Application.csproj", "{4672275C-1636-48A8-94B7-6FD6CD672A7B}"
EndProject
Project("{FAE04EC0-301F-11D3-BF4B-00C04F79EFBC}") = "Financity.Infrastructure", "Financity.Infrastructure\Financity.Infrastructure.csproj", "{9E74C190-EA4D-4D7F-A3B9-B9CF7D455431}"
EndProject
Project("{FAE04EC0-301F-11D3-BF4B-00C04F79EFBC}") = "Financity.Presentation", "Financity.Presentation\Financity.Presentation.csproj", "{C8DB1CCE-290F-4F62-8C74-BDB99374632C}"
EndProject
Project("{FAE04EC0-301F-11D3-BF4B-00C04F79EFBC}") = "Financity.Persistence", "Financity.Persistence\Financity.Persistence.csproj", "{FBAAEC7B-737C-4CAC-A110-102DDBF87F66}"
EndProject
Global
	GlobalSection(SolutionConfigurationPlatforms) = preSolution
		Debug|Any CPU = Debug|Any CPU
		Release|Any CPU = Release|Any CPU
	EndGlobalSection
	GlobalSection(NestedProjects) = preSolution
	EndGlobalSection
	GlobalSection(ProjectConfigurationPlatforms) = postSolution
		{977E9EF9-C067-4E77-B8A9-FDC5E0B85DCE}.Debug|Any CPU.ActiveCfg = Debug|Any CPU
		{977E9EF9-C067-4E77-B8A9-FDC5E0B85DCE}.Debug|Any CPU.Build.0 = Debug|Any CPU
		{977E9EF9-C067-4E77-B8A9-FDC5E0B85DCE}.Release|Any CPU.ActiveCfg = Release|Any CPU
		{977E9EF9-C067-4E77-B8A9-FDC5E0B85DCE}.Release|Any CPU.Build.0 = Release|Any CPU
		{4672275C-1636-48A8-94B7-6FD6CD672A7B}.Debug|Any CPU.ActiveCfg = Debug|Any CPU
		{4672275C-1636-48A8-94B7-6FD6CD672A7B}.Debug|Any CPU.Build.0 = Debug|Any CPU
		{4672275C-1636-48A8-94B7-6FD6CD672A7B}.Release|Any CPU.ActiveCfg = Release|Any CPU
		{4672275C-1636-48A8-94B7-6FD6CD672A7B}.Release|Any CPU.Build.0 = Release|Any CPU
		{9E74C190-EA4D-4D7F-A3B9-B9CF7D455431}.Debug|Any CPU.ActiveCfg = Debug|Any CPU
		{9E74C190-EA4D-4D7F-A3B9-B9CF7D455431}.Debug|Any CPU.Build.0 = Debug|Any CPU
		{9E74C190-EA4D-4D7F-A3B9-B9CF7D455431}.Release|Any CPU.ActiveCfg = Release|Any CPU
		{9E74C190-EA4D-4D7F-A3B9-B9CF7D455431}.Release|Any CPU.Build.0 = Release|Any CPU
		{C8DB1CCE-290F-4F62-8C74-BDB99374632C}.Debug|Any CPU.ActiveCfg = Debug|Any CPU
		{C8DB1CCE-290F-4F62-8C74-BDB99374632C}.Debug|Any CPU.Build.0 = Debug|Any CPU
		{C8DB1CCE-290F-4F62-8C74-BDB99374632C}.Release|Any CPU.ActiveCfg = Release|Any CPU
		{C8DB1CCE-290F-4F62-8C74-BDB99374632C}.Release|Any CPU.Build.0 = Release|Any CPU
		{FBAAEC7B-737C-4CAC-A110-102DDBF87F66}.Debug|Any CPU.ActiveCfg = Debug|Any CPU
		{FBAAEC7B-737C-4CAC-A110-102DDBF87F66}.Debug|Any CPU.Build.0 = Debug|Any CPU
		{FBAAEC7B-737C-4CAC-A110-102DDBF87F66}.Release|Any CPU.ActiveCfg = Release|Any CPU
		{FBAAEC7B-737C-4CAC-A110-102DDBF87F66}.Release|Any CPU.Build.0 = Release|Any CPU
	EndGlobalSection
EndGlobal
